
Microsoft Visual Studio Solution File, Format Version 12.00
# Visual Studio 14
VisualStudioVersion = 14.0.25420.1
MinimumVisualStudioVersion = 10.0.40219.1
Project("{FAE04EC0-301F-11D3-BF4B-00C04F79EFBC}") = "TouchPanels", "TouchPanels\TouchPanels.csproj", "{8220B292-CF54-43AF-8873-5AD16715FC8A}"
EndProject
Project("{FAE04EC0-301F-11D3-BF4B-00C04F79EFBC}") = "pibot", "pibot\pibot.csproj", "{376FB8BB-876E-4DEC-96FC-3DE61076FB9A}"
EndProject
Project("{FAE04EC0-301F-11D3-BF4B-00C04F79EFBC}") = "PiBotCtrl", "PiBotCtrl\PiBotCtrl.csproj", "{2E187625-E2A0-486E-9D90-3C7314EC7C16}"
EndProject
Project("{FAE04EC0-301F-11D3-BF4B-00C04F79EFBC}") = "pibotuwp", "pibotuwp\pibotuwp\pibotuwp.csproj", "{DF9C80F2-049C-4439-AB9B-1D658DC402EF}"
EndProject
Global
	GlobalSection(SolutionConfigurationPlatforms) = preSolution
		Debug|Any CPU = Debug|Any CPU
		Debug|ARM = Debug|ARM
		Debug|x64 = Debug|x64
		Debug|x86 = Debug|x86
		Release|Any CPU = Release|Any CPU
		Release|ARM = Release|ARM
		Release|x64 = Release|x64
		Release|x86 = Release|x86
	EndGlobalSection
	GlobalSection(ProjectConfigurationPlatforms) = postSolution
		{8220B292-CF54-43AF-8873-5AD16715FC8A}.Debug|Any CPU.ActiveCfg = Debug|Any CPU
		{8220B292-CF54-43AF-8873-5AD16715FC8A}.Debug|Any CPU.Build.0 = Debug|Any CPU
		{8220B292-CF54-43AF-8873-5AD16715FC8A}.Debug|ARM.ActiveCfg = Debug|ARM
		{8220B292-CF54-43AF-8873-5AD16715FC8A}.Debug|ARM.Build.0 = Debug|ARM
		{8220B292-CF54-43AF-8873-5AD16715FC8A}.Debug|x64.ActiveCfg = Debug|x64
		{8220B292-CF54-43AF-8873-5AD16715FC8A}.Debug|x64.Build.0 = Debug|x64
		{8220B292-CF54-43AF-8873-5AD16715FC8A}.Debug|x86.ActiveCfg = Debug|x86
		{8220B292-CF54-43AF-8873-5AD16715FC8A}.Debug|x86.Build.0 = Debug|x86
		{8220B292-CF54-43AF-8873-5AD16715FC8A}.Release|Any CPU.ActiveCfg = Release|Any CPU
		{8220B292-CF54-43AF-8873-5AD16715FC8A}.Release|Any CPU.Build.0 = Release|Any CPU
		{8220B292-CF54-43AF-8873-5AD16715FC8A}.Release|ARM.ActiveCfg = Release|ARM
		{8220B292-CF54-43AF-8873-5AD16715FC8A}.Release|ARM.Build.0 = Release|ARM
		{8220B292-CF54-43AF-8873-5AD16715FC8A}.Release|x64.ActiveCfg = Release|x64
		{8220B292-CF54-43AF-8873-5AD16715FC8A}.Release|x64.Build.0 = Release|x64
		{8220B292-CF54-43AF-8873-5AD16715FC8A}.Release|x86.ActiveCfg = Release|x86
		{8220B292-CF54-43AF-8873-5AD16715FC8A}.Release|x86.Build.0 = Release|x86
		{376FB8BB-876E-4DEC-96FC-3DE61076FB9A}.Debug|Any CPU.ActiveCfg = Debug|x86
		{376FB8BB-876E-4DEC-96FC-3DE61076FB9A}.Debug|ARM.ActiveCfg = Debug|ARM
		{376FB8BB-876E-4DEC-96FC-3DE61076FB9A}.Debug|ARM.Build.0 = Debug|ARM
		{376FB8BB-876E-4DEC-96FC-3DE61076FB9A}.Debug|ARM.Deploy.0 = Debug|ARM
		{376FB8BB-876E-4DEC-96FC-3DE61076FB9A}.Debug|x64.ActiveCfg = Debug|x64
		{376FB8BB-876E-4DEC-96FC-3DE61076FB9A}.Debug|x64.Build.0 = Debug|x64
		{376FB8BB-876E-4DEC-96FC-3DE61076FB9A}.Debug|x64.Deploy.0 = Debug|x64
		{376FB8BB-876E-4DEC-96FC-3DE61076FB9A}.Debug|x86.ActiveCfg = Debug|x86
		{376FB8BB-876E-4DEC-96FC-3DE61076FB9A}.Debug|x86.Build.0 = Debug|x86
		{376FB8BB-876E-4DEC-96FC-3DE61076FB9A}.Debug|x86.Deploy.0 = Debug|x86
		{376FB8BB-876E-4DEC-96FC-3DE61076FB9A}.Release|Any CPU.ActiveCfg = Release|x86
		{376FB8BB-876E-4DEC-96FC-3DE61076FB9A}.Release|ARM.ActiveCfg = Release|ARM
		{376FB8BB-876E-4DEC-96FC-3DE61076FB9A}.Release|ARM.Build.0 = Release|ARM
		{376FB8BB-876E-4DEC-96FC-3DE61076FB9A}.Release|ARM.Deploy.0 = Release|ARM
		{376FB8BB-876E-4DEC-96FC-3DE61076FB9A}.Release|x64.ActiveCfg = Release|x64
		{376FB8BB-876E-4DEC-96FC-3DE61076FB9A}.Release|x64.Build.0 = Release|x64
		{376FB8BB-876E-4DEC-96FC-3DE61076FB9A}.Release|x64.Deploy.0 = Release|x64
		{376FB8BB-876E-4DEC-96FC-3DE61076FB9A}.Release|x86.ActiveCfg = Release|x86
		{376FB8BB-876E-4DEC-96FC-3DE61076FB9A}.Release|x86.Build.0 = Release|x86
		{376FB8BB-876E-4DEC-96FC-3DE61076FB9A}.Release|x86.Deploy.0 = Release|x86
		{2E187625-E2A0-486E-9D90-3C7314EC7C16}.Debug|Any CPU.ActiveCfg = Debug|x86
		{2E187625-E2A0-486E-9D90-3C7314EC7C16}.Debug|ARM.ActiveCfg = Debug|ARM
		{2E187625-E2A0-486E-9D90-3C7314EC7C16}.Debug|ARM.Build.0 = Debug|ARM
		{2E187625-E2A0-486E-9D90-3C7314EC7C16}.Debug|ARM.Deploy.0 = Debug|ARM
		{2E187625-E2A0-486E-9D90-3C7314EC7C16}.Debug|x64.ActiveCfg = Debug|x64
		{2E187625-E2A0-486E-9D90-3C7314EC7C16}.Debug|x64.Build.0 = Debug|x64
		{2E187625-E2A0-486E-9D90-3C7314EC7C16}.Debug|x64.Deploy.0 = Debug|x64
		{2E187625-E2A0-486E-9D90-3C7314EC7C16}.Debug|x86.ActiveCfg = Debug|x86
		{2E187625-E2A0-486E-9D90-3C7314EC7C16}.Debug|x86.Build.0 = Debug|x86
		{2E187625-E2A0-486E-9D90-3C7314EC7C16}.Debug|x86.Deploy.0 = Debug|x86
		{2E187625-E2A0-486E-9D90-3C7314EC7C16}.Release|Any CPU.ActiveCfg = Release|x86
		{2E187625-E2A0-486E-9D90-3C7314EC7C16}.Release|ARM.ActiveCfg = Release|ARM
		{2E187625-E2A0-486E-9D90-3C7314EC7C16}.Release|ARM.Build.0 = Release|ARM
		{2E187625-E2A0-486E-9D90-3C7314EC7C16}.Release|ARM.Deploy.0 = Release|ARM
		{2E187625-E2A0-486E-9D90-3C7314EC7C16}.Release|x64.ActiveCfg = Release|x64
		{2E187625-E2A0-486E-9D90-3C7314EC7C16}.Release|x64.Build.0 = Release|x64
		{2E187625-E2A0-486E-9D90-3C7314EC7C16}.Release|x64.Deploy.0 = Release|x64
		{2E187625-E2A0-486E-9D90-3C7314EC7C16}.Release|x86.ActiveCfg = Release|x86
		{2E187625-E2A0-486E-9D90-3C7314EC7C16}.Release|x86.Build.0 = Release|x86
		{2E187625-E2A0-486E-9D90-3C7314EC7C16}.Release|x86.Deploy.0 = Release|x86
		{DF9C80F2-049C-4439-AB9B-1D658DC402EF}.Debug|Any CPU.ActiveCfg = Debug|x86
		{DF9C80F2-049C-4439-AB9B-1D658DC402EF}.Debug|ARM.ActiveCfg = Debug|ARM
		{DF9C80F2-049C-4439-AB9B-1D658DC402EF}.Debug|ARM.Build.0 = Debug|ARM
		{DF9C80F2-049C-4439-AB9B-1D658DC402EF}.Debug|ARM.Deploy.0 = Debug|ARM
		{DF9C80F2-049C-4439-AB9B-1D658DC402EF}.Debug|x64.ActiveCfg = Debug|x64
		{DF9C80F2-049C-4439-AB9B-1D658DC402EF}.Debug|x64.Build.0 = Debug|x64
		{DF9C80F2-049C-4439-AB9B-1D658DC402EF}.Debug|x64.Deploy.0 = Debug|x64
		{DF9C80F2-049C-4439-AB9B-1D658DC402EF}.Debug|x86.ActiveCfg = Debug|x86
		{DF9C80F2-049C-4439-AB9B-1D658DC402EF}.Debug|x86.Build.0 = Debug|x86
		{DF9C80F2-049C-4439-AB9B-1D658DC402EF}.Debug|x86.Deploy.0 = Debug|x86
		{DF9C80F2-049C-4439-AB9B-1D658DC402EF}.Release|Any CPU.ActiveCfg = Release|x86
		{DF9C80F2-049C-4439-AB9B-1D658DC402EF}.Release|ARM.ActiveCfg = Release|ARM
		{DF9C80F2-049C-4439-AB9B-1D658DC402EF}.Release|ARM.Build.0 = Release|ARM
		{DF9C80F2-049C-4439-AB9B-1D658DC402EF}.Release|ARM.Deploy.0 = Release|ARM
		{DF9C80F2-049C-4439-AB9B-1D658DC402EF}.Release|x64.ActiveCfg = Release|x64
		{DF9C80F2-049C-4439-AB9B-1D658DC402EF}.Release|x64.Build.0 = Release|x64
		{DF9C80F2-049C-4439-AB9B-1D658DC402EF}.Release|x64.Deploy.0 = Release|x64
		{DF9C80F2-049C-4439-AB9B-1D658DC402EF}.Release|x86.ActiveCfg = Release|x86
		{DF9C80F2-049C-4439-AB9B-1D658DC402EF}.Release|x86.Build.0 = Release|x86
		{DF9C80F2-049C-4439-AB9B-1D658DC402EF}.Release|x86.Deploy.0 = Release|x86
	EndGlobalSection
	GlobalSection(SolutionProperties) = preSolution
		HideSolutionNode = FALSE
	EndGlobalSection
EndGlobal
